{
  "name": "task2_1",
  "version": "1.0.0",
  "lockfileVersion": 3,
  "requires": true,
  "packages": {
    "": {
      "name": "task2_1",
      "version": "1.0.0",
      "license": "ISC",
      "dependencies": {
        "nuxbnax_styling_html": "^1.0.4"
      }
    },
    "node_modules/nuxbnax_styling_html": {
      "version": "1.0.4",
      "resolved": "https://registry.npmjs.org/nuxbnax_styling_html/-/nuxbnax_styling_html-1.0.4.tgz",
      "integrity": "sha512-A1exJNGAZ4tDAji/JdtBmL10Bb0xebtG4KxzwrGNzX6F5C5yiElunmaEjAvt1KFYbGH4+Tcj6xOZVZJ8DhP3jw=="
    }
  }
}
